// !$*UTF8*$!
{
	archiveVersion = 1;
	classes = {
	};
	objectVersion = 46;
	objects = {

/* Begin PBXBuildFile section */
		293AAF8E9E05143DB799257D /* Pods_recordMoney.framework in Frameworks */ = {isa = PBXBuildFile; fileRef = 1878612A27715C12B53D0891 /* Pods_recordMoney.framework */; };
		E30FC3AF1E3A21EF003B3CD5 /* UIQRCodeViewController.swift in Sources */ = {isa = PBXBuildFile; fileRef = E30FC3AE1E3A21EF003B3CD5 /* UIQRCodeViewController.swift */; };
		E3AAEDA21E34E87F00D05BA9 /* CoreData.framework in Frameworks */ = {isa = PBXBuildFile; fileRef = E3AAEDA11E34E87F00D05BA9 /* CoreData.framework */; };
		E3AAEDA41E34E8F300D05BA9 /* Charts.framework in Frameworks */ = {isa = PBXBuildFile; fileRef = E3AAEDA31E34E8F300D05BA9 /* Charts.framework */; };
		E3AAEDBC1E34FCA200D05BA9 /* AppDelegate.swift in Sources */ = {isa = PBXBuildFile; fileRef = E3AAEDAF1E34FCA200D05BA9 /* AppDelegate.swift */; };
		E3AAEDBD1E34FCA200D05BA9 /* Assets.xcassets in Resources */ = {isa = PBXBuildFile; fileRef = E3AAEDB01E34FCA200D05BA9 /* Assets.xcassets */; };
		E3AAEDBE1E34FCA200D05BA9 /* LaunchScreen.storyboard in Resources */ = {isa = PBXBuildFile; fileRef = E3AAEDB11E34FCA200D05BA9 /* LaunchScreen.storyboard */; };
		E3AAEDBF1E34FCA200D05BA9 /* Main.storyboard in Resources */ = {isa = PBXBuildFile; fileRef = E3AAEDB31E34FCA200D05BA9 /* Main.storyboard */; };
		E3AAEDC01E34FCA200D05BA9 /* Account+CoreDataClass.swift in Sources */ = {isa = PBXBuildFile; fileRef = E3AAEDB61E34FCA200D05BA9 /* Account+CoreDataClass.swift */; };
		E3AAEDC11E34FCA200D05BA9 /* Account+CoreDataProperties.swift in Sources */ = {isa = PBXBuildFile; fileRef = E3AAEDB71E34FCA200D05BA9 /* Account+CoreDataProperties.swift */; };
		E3AAEDC31E34FCA200D05BA9 /* recordMoney.xcdatamodeld in Sources */ = {isa = PBXBuildFile; fileRef = E3AAEDB91E34FCA200D05BA9 /* recordMoney.xcdatamodeld */; };
		E3AAEDC81E34FD0100D05BA9 /* CoreDataConnect.swift in Sources */ = {isa = PBXBuildFile; fileRef = E3AAEDC71E34FD0100D05BA9 /* CoreDataConnect.swift */; };
		E3AAEDCA1E352A1500D05BA9 /* UIPieChartViewController.swift in Sources */ = {isa = PBXBuildFile; fileRef = E3AAEDC91E352A1500D05BA9 /* UIPieChartViewController.swift */; };
		E3AAEDCC1E352CCE00D05BA9 /* UIRecordViewController.swift in Sources */ = {isa = PBXBuildFile; fileRef = E3AAEDCB1E352CCE00D05BA9 /* UIRecordViewController.swift */; };
		E3AAEDCE1E35AF6B00D05BA9 /* UIRecordDetailViewController.swift in Sources */ = {isa = PBXBuildFile; fileRef = E3AAEDCD1E35AF6B00D05BA9 /* UIRecordDetailViewController.swift */; };
/* End PBXBuildFile section */

/* Begin PBXFileReference section */
		1878612A27715C12B53D0891 /* Pods_recordMoney.framework */ = {isa = PBXFileReference; explicitFileType = wrapper.framework; includeInIndex = 0; path = Pods_recordMoney.framework; sourceTree = BUILT_PRODUCTS_DIR; };
		C240C3AADE12674F5094C6E6 /* Pods-recordMoney.release.xcconfig */ = {isa = PBXFileReference; includeInIndex = 1; lastKnownFileType = text.xcconfig; name = "Pods-recordMoney.release.xcconfig"; path = "Pods/Target Support Files/Pods-recordMoney/Pods-recordMoney.release.xcconfig"; sourceTree = "<group>"; };
		E30FC3AE1E3A21EF003B3CD5 /* UIQRCodeViewController.swift */ = {isa = PBXFileReference; fileEncoding = 4; lastKnownFileType = sourcecode.swift; path = UIQRCodeViewController.swift; sourceTree = "<group>"; };
		E3AAED881E34E86900D05BA9 /* recordMoney.app */ = {isa = PBXFileReference; explicitFileType = wrapper.application; includeInIndex = 0; path = recordMoney.app; sourceTree = BUILT_PRODUCTS_DIR; };
		E3AAEDA11E34E87F00D05BA9 /* CoreData.framework */ = {isa = PBXFileReference; lastKnownFileType = wrapper.framework; name = CoreData.framework; path = System/Library/Frameworks/CoreData.framework; sourceTree = SDKROOT; };
		E3AAEDA31E34E8F300D05BA9 /* Charts.framework */ = {isa = PBXFileReference; lastKnownFileType = wrapper.framework; name = Charts.framework; path = "Pods/../build/Debug-iphoneos/Charts/Charts.framework"; sourceTree = "<group>"; };
		E3AAEDAF1E34FCA200D05BA9 /* AppDelegate.swift */ = {isa = PBXFileReference; fileEncoding = 4; lastKnownFileType = sourcecode.swift; path = AppDelegate.swift; sourceTree = "<group>"; };
		E3AAEDB01E34FCA200D05BA9 /* Assets.xcassets */ = {isa = PBXFileReference; lastKnownFileType = folder.assetcatalog; path = Assets.xcassets; sourceTree = "<group>"; };
		E3AAEDB21E34FCA200D05BA9 /* Base */ = {isa = PBXFileReference; lastKnownFileType = file.storyboard; name = Base; path = Base.lproj/LaunchScreen.storyboard; sourceTree = "<group>"; };
		E3AAEDB41E34FCA200D05BA9 /* Base */ = {isa = PBXFileReference; lastKnownFileType = file.storyboard; name = Base; path = Base.lproj/Main.storyboard; sourceTree = "<group>"; };
		E3AAEDB61E34FCA200D05BA9 /* Account+CoreDataClass.swift */ = {isa = PBXFileReference; fileEncoding = 4; lastKnownFileType = sourcecode.swift; path = "Account+CoreDataClass.swift"; sourceTree = "<group>"; };
		E3AAEDB71E34FCA200D05BA9 /* Account+CoreDataProperties.swift */ = {isa = PBXFileReference; fileEncoding = 4; lastKnownFileType = sourcecode.swift; path = "Account+CoreDataProperties.swift"; sourceTree = "<group>"; };
		E3AAEDB81E34FCA200D05BA9 /* Info.plist */ = {isa = PBXFileReference; fileEncoding = 4; lastKnownFileType = text.plist.xml; path = Info.plist; sourceTree = "<group>"; };
		E3AAEDBA1E34FCA200D05BA9 /* recordMoney.xcdatamodel */ = {isa = PBXFileReference; lastKnownFileType = wrapper.xcdatamodel; path = recordMoney.xcdatamodel; sourceTree = "<group>"; };
		E3AAEDC71E34FD0100D05BA9 /* CoreDataConnect.swift */ = {isa = PBXFileReference; fileEncoding = 4; lastKnownFileType = sourcecode.swift; path = CoreDataConnect.swift; sourceTree = "<group>"; };
		E3AAEDC91E352A1500D05BA9 /* UIPieChartViewController.swift */ = {isa = PBXFileReference; fileEncoding = 4; lastKnownFileType = sourcecode.swift; path = UIPieChartViewController.swift; sourceTree = "<group>"; };
		E3AAEDCB1E352CCE00D05BA9 /* UIRecordViewController.swift */ = {isa = PBXFileReference; fileEncoding = 4; lastKnownFileType = sourcecode.swift; path = UIRecordViewController.swift; sourceTree = "<group>"; };
		E3AAEDCD1E35AF6B00D05BA9 /* UIRecordDetailViewController.swift */ = {isa = PBXFileReference; fileEncoding = 4; lastKnownFileType = sourcecode.swift; path = UIRecordDetailViewController.swift; sourceTree = "<group>"; };
		FF9395B9C9FC96640AE7B726 /* Pods-recordMoney.debug.xcconfig */ = {isa = PBXFileReference; includeInIndex = 1; lastKnownFileType = text.xcconfig; name = "Pods-recordMoney.debug.xcconfig"; path = "Pods/Target Support Files/Pods-recordMoney/Pods-recordMoney.debug.xcconfig"; sourceTree = "<group>"; };
/* End PBXFileReference section */

/* Begin PBXFrameworksBuildPhase section */
		E3AAED851E34E86900D05BA9 /* Frameworks */ = {
			isa = PBXFrameworksBuildPhase;
			buildActionMask = 2147483647;
			files = (
				E3AAEDA41E34E8F300D05BA9 /* Charts.framework in Frameworks */,
				E3AAEDA21E34E87F00D05BA9 /* CoreData.framework in Frameworks */,
				293AAF8E9E05143DB799257D /* Pods_recordMoney.framework in Frameworks */,
			);
			runOnlyForDeploymentPostprocessing = 0;
		};
/* End PBXFrameworksBuildPhase section */

/* Begin PBXGroup section */
		E3AAED7F1E34E86900D05BA9 = {
			isa = PBXGroup;
			children = (
				E3AAEDAE1E34FCA200D05BA9 /* recordMoney */,
				E3AAED891E34E86900D05BA9 /* Products */,
				E3AAEDA01E34E87F00D05BA9 /* Frameworks */,
				FB171E80EFE0E602AE1657D9 /* Pods */,
			);
			sourceTree = "<group>";
		};
		E3AAED891E34E86900D05BA9 /* Products */ = {
			isa = PBXGroup;
			children = (
				E3AAED881E34E86900D05BA9 /* recordMoney.app */,
			);
			name = Products;
			sourceTree = "<group>";
		};
		E3AAEDA01E34E87F00D05BA9 /* Frameworks */ = {
			isa = PBXGroup;
			children = (
				E3AAEDA31E34E8F300D05BA9 /* Charts.framework */,
				E3AAEDA11E34E87F00D05BA9 /* CoreData.framework */,
				1878612A27715C12B53D0891 /* Pods_recordMoney.framework */,
			);
			name = Frameworks;
			sourceTree = "<group>";
		};
		E3AAEDAE1E34FCA200D05BA9 /* recordMoney */ = {
			isa = PBXGroup;
			children = (
				E3AAEDAF1E34FCA200D05BA9 /* AppDelegate.swift */,
				E3AAEDB01E34FCA200D05BA9 /* Assets.xcassets */,
				E3AAEDB11E34FCA200D05BA9 /* LaunchScreen.storyboard */,
				E3AAEDB31E34FCA200D05BA9 /* Main.storyboard */,
				E3AAEDB51E34FCA200D05BA9 /* CoreData */,
				E3AAEDB81E34FCA200D05BA9 /* Info.plist */,
				E3AAEDB91E34FCA200D05BA9 /* recordMoney.xcdatamodeld */,
				E3AAEDC91E352A1500D05BA9 /* UIPieChartViewController.swift */,
				E3AAEDCB1E352CCE00D05BA9 /* UIRecordViewController.swift */,
				E3AAEDCD1E35AF6B00D05BA9 /* UIRecordDetailViewController.swift */,
				E30FC3AE1E3A21EF003B3CD5 /* UIQRCodeViewController.swift */,
			);
			path = recordMoney;
			sourceTree = "<group>";
		};
		E3AAEDB51E34FCA200D05BA9 /* CoreData */ = {
			isa = PBXGroup;
			children = (
				E3AAEDC71E34FD0100D05BA9 /* CoreDataConnect.swift */,
				E3AAEDB61E34FCA200D05BA9 /* Account+CoreDataClass.swift */,
				E3AAEDB71E34FCA200D05BA9 /* Account+CoreDataProperties.swift */,
			);
			path = CoreData;
			sourceTree = "<group>";
		};
		FB171E80EFE0E602AE1657D9 /* Pods */ = {
			isa = PBXGroup;
			children = (
				FF9395B9C9FC96640AE7B726 /* Pods-recordMoney.debug.xcconfig */,
				C240C3AADE12674F5094C6E6 /* Pods-recordMoney.release.xcconfig */,
			);
			name = Pods;
			sourceTree = "<group>";
		};
/* End PBXGroup section */

/* Begin PBXNativeTarget section */
		E3AAED871E34E86900D05BA9 /* recordMoney */ = {
			isa = PBXNativeTarget;
			buildConfigurationList = E3AAED9D1E34E86900D05BA9 /* Build configuration list for PBXNativeTarget "recordMoney" */;
			buildPhases = (
				1E3BF273BA7F2DBE550C46DD /* [CP] Check Pods Manifest.lock */,
				E3AAED841E34E86900D05BA9 /* Sources */,
				E3AAED851E34E86900D05BA9 /* Frameworks */,
				E3AAED861E34E86900D05BA9 /* Resources */,
				E4161F9E03496E7E352FB138 /* [CP] Embed Pods Frameworks */,
				B50ACDC47D63BE4E37B3ABF6 /* [CP] Copy Pods Resources */,
			);
			buildRules = (
			);
			dependencies = (
			);
			name = recordMoney;
			productName = recordMoney;
			productReference = E3AAED881E34E86900D05BA9 /* recordMoney.app */;
			productType = "com.apple.product-type.application";
		};
/* End PBXNativeTarget section */

/* Begin PBXProject section */
		E3AAED801E34E86900D05BA9 /* Project object */ = {
			isa = PBXProject;
			attributes = {
				LastSwiftUpdateCheck = 0820;
				LastUpgradeCheck = 0820;
				ORGANIZATIONNAME = devilcry;
				TargetAttributes = {
					E3AAED871E34E86900D05BA9 = {
						CreatedOnToolsVersion = 8.2.1;
						DevelopmentTeam = R4ZYC54K3A;
						ProvisioningStyle = Automatic;
					};
				};
			};
			buildConfigurationList = E3AAED831E34E86900D05BA9 /* Build configuration list for PBXProject "recordMoney" */;
			compatibilityVersion = "Xcode 3.2";
			developmentRegion = English;
			hasScannedForEncodings = 0;
			knownRegions = (
				en,
				Base,
			);
			mainGroup = E3AAED7F1E34E86900D05BA9;
			productRefGroup = E3AAED891E34E86900D05BA9 /* Products */;
			projectDirPath = "";
			projectRoot = "";
			targets = (
				E3AAED871E34E86900D05BA9 /* recordMoney */,
			);
		};
/* End PBXProject section */

/* Begin PBXResourcesBuildPhase section */
		E3AAED861E34E86900D05BA9 /* Resources */ = {
			isa = PBXResourcesBuildPhase;
			buildActionMask = 2147483647;
			files = (
				E3AAEDBF1E34FCA200D05BA9 /* Main.storyboard in Resources */,
				E3AAEDBD1E34FCA200D05BA9 /* Assets.xcassets in Resources */,
				E3AAEDBE1E34FCA200D05BA9 /* LaunchScreen.storyboard in Resources */,
			);
			runOnlyForDeploymentPostprocessing = 0;
		};
/* End PBXResourcesBuildPhase section */

/* Begin PBXShellScriptBuildPhase section */
		1E3BF273BA7F2DBE550C46DD /* [CP] Check Pods Manifest.lock */ = {
			isa = PBXShellScriptBuildPhase;
			buildActionMask = 2147483647;
			files = (
			);
			inputPaths = (
			);
			name = "[CP] Check Pods Manifest.lock";
			outputPaths = (
			);
			runOnlyForDeploymentPostprocessing = 0;
			shellPath = /bin/sh;
			shellScript = "diff \"${PODS_ROOT}/../Podfile.lock\" \"${PODS_ROOT}/Manifest.lock\" > /dev/null\nif [ $? != 0 ] ; then\n    # print error to STDERR\n    echo \"error: The sandbox is not in sync with the Podfile.lock. Run 'pod install' or update your CocoaPods installation.\" >&2\n    exit 1\nfi\n";
			showEnvVarsInLog = 0;
		};
		B50ACDC47D63BE4E37B3ABF6 /* [CP] Copy Pods Resources */ = {
			isa = PBXShellScriptBuildPhase;
			buildActionMask = 2147483647;
			files = (
			);
			inputPaths = (
			);
			name = "[CP] Copy Pods Resources";
			outputPaths = (
			);
			runOnlyForDeploymentPostprocessing = 0;
			shellPath = /bin/sh;
			shellScript = "\"${SRCROOT}/Pods/Target Support Files/Pods-recordMoney/Pods-recordMoney-resources.sh\"\n";
			showEnvVarsInLog = 0;
		};
		E4161F9E03496E7E352FB138 /* [CP] Embed Pods Frameworks */ = {
			isa = PBXShellScriptBuildPhase;
			buildActionMask = 2147483647;
			files = (
			);
			inputPaths = (
			);
			name = "[CP] Embed Pods Frameworks";
			outputPaths = (
			);
			runOnlyForDeploymentPostprocessing = 0;
			shellPath = /bin/sh;
			shellScript = "\"${SRCROOT}/Pods/Target Support Files/Pods-recordMoney/Pods-recordMoney-frameworks.sh\"\n";
			showEnvVarsInLog = 0;
		};
/* End PBXShellScriptBuildPhase section */

/* Begin PBXSourcesBuildPhase section */
		E3AAED841E34E86900D05BA9 /* Sources */ = {
			isa = PBXSourcesBuildPhase;
			buildActionMask = 2147483647;
			files = (
				E3AAEDC81E34FD0100D05BA9 /* CoreDataConnect.swift in Sources */,
				E3AAEDCC1E352CCE00D05BA9 /* UIRecordViewController.swift in Sources */,
				E3AAEDC11E34FCA200D05BA9 /* Account+CoreDataProperties.swift in Sources */,
				E3AAEDCA1E352A1500D05BA9 /* UIPieChartViewController.swift in Sources */,
				E3AAEDCE1E35AF6B00D05BA9 /* UIRecordDetailViewController.swift in Sources */,
				E3AAEDBC1E34FCA200D05BA9 /* AppDelegate.swift in Sources */,
				E3AAEDC01E34FCA200D05BA9 /* Account+CoreDataClass.swift in Sources */,
				E3AAEDC31E34FCA200D05BA9 /* recordMoney.xcdatamodeld in Sources */,
				E30FC3AF1E3A21EF003B3CD5 /* UIQRCodeViewController.swift in Sources */,
			);
			runOnlyForDeploymentPostprocessing = 0;
		};
/* End PBXSourcesBuildPhase section */

/* Begin PBXVariantGroup section */
		E3AAEDB11E34FCA200D05BA9 /* LaunchScreen.storyboard */ = {
			isa = PBXVariantGroup;
			children = (
				E3AAEDB21E34FCA200D05BA9 /* Base */,
			);
			name = LaunchScreen.storyboard;
			sourceTree = "<group>";
		};
		E3AAEDB31E34FCA200D05BA9 /* Main.storyboard */ = {
			isa = PBXVariantGroup;
			children = (
				E3AAEDB41E34FCA200D05BA9 /* Base */,
			);
			name = Main.storyboard;
			sourceTree = "<group>";
		};
/* End PBXVariantGroup section */

/* Begin XCBuildConfiguration section */
		E3AAED9B1E34E86900D05BA9 /* Debug */ = {
			isa = XCBuildConfiguration;
			buildSettings = {
				ALWAYS_SEARCH_USER_PATHS = NO;
				CLANG_ANALYZER_NONNULL = YES;
				CLANG_CXX_LANGUAGE_STANDARD = "gnu++0x";
				CLANG_CXX_LIBRARY = "libc++";
				CLANG_ENABLE_MODULES = YES;
				CLANG_ENABLE_OBJC_ARC = YES;
				CLANG_WARN_BOOL_CONVERSION = YES;
				CLANG_WARN_CONSTANT_CONVERSION = YES;
				CLANG_WARN_DIRECT_OBJC_ISA_USAGE = YES_ERROR;
				CLANG_WARN_DOCUMENTATION_COMMENTS = YES;
				CLANG_WARN_EMPTY_BODY = YES;
				CLANG_WARN_ENUM_CONVERSION = YES;
				CLANG_WARN_INFINITE_RECURSION = YES;
				CLANG_WARN_INT_CONVERSION = YES;
				CLANG_WARN_OBJC_ROOT_CLASS = YES_ERROR;
				CLANG_WARN_SUSPICIOUS_MOVE = YES;
				CLANG_WARN_UNREACHABLE_CODE = YES;
				CLANG_WARN__DUPLICATE_METHOD_MATCH = YES;
				"CODE_SIGN_IDENTITY[sdk=iphoneos*]" = "iPhone Developer";
				COPY_PHASE_STRIP = NO;
				DEBUG_INFORMATION_FORMAT = dwarf;
				ENABLE_STRICT_OBJC_MSGSEND = YES;
				ENABLE_TESTABILITY = YES;
				GCC_C_LANGUAGE_STANDARD = gnu99;
				GCC_DYNAMIC_NO_PIC = NO;
				GCC_NO_COMMON_BLOCKS = YES;
				GCC_OPTIMIZATION_LEVEL = 0;
				GCC_PREPROCESSOR_DEFINITIONS = (
					"DEBUG=1",
					"$(inherited)",
				);
				GCC_WARN_64_TO_32_BIT_CONVERSION = YES;
				GCC_WARN_ABOUT_RETURN_TYPE = YES_ERROR;
				GCC_WARN_UNDECLARED_SELECTOR = YES;
				GCC_WARN_UNINITIALIZED_AUTOS = YES_AGGRESSIVE;
				GCC_WARN_UNUSED_FUNCTION = YES;
				GCC_WARN_UNUSED_VARIABLE = YES;
				IPHONEOS_DEPLOYMENT_TARGET = 10.2;
				MTL_ENABLE_DEBUG_INFO = YES;
				ONLY_ACTIVE_ARCH = YES;
				SDKROOT = iphoneos;
				SWIFT_ACTIVE_COMPILATION_CONDITIONS = DEBUG;
				SWIFT_OPTIMIZATION_LEVEL = "-Onone";
			};
			name = Debug;
		};
		E3AAED9C1E34E86900D05BA9 /* Release */ = {
			isa = XCBuildConfiguration;
			buildSettings = {
				ALWAYS_SEARCH_USER_PATHS = NO;
				CLANG_ANALYZER_NONNULL = YES;
				CLANG_CXX_LANGUAGE_STANDARD = "gnu++0x";
				CLANG_CXX_LIBRARY = "libc++";
				CLANG_ENABLE_MODULES = YES;
				CLANG_ENABLE_OBJC_ARC = YES;
				CLANG_WARN_BOOL_CONVERSION = YES;
				CLANG_WARN_CONSTANT_CONVERSION = YES;
				CLANG_WARN_DIRECT_OBJC_ISA_USAGE = YES_ERROR;
				CLANG_WARN_DOCUMENTATION_COMMENTS = YES;
				CLANG_WARN_EMPTY_BODY = YES;
				CLANG_WARN_ENUM_CONVERSION = YES;
				CLANG_WARN_INFINITE_RECURSION = YES;
				CLANG_WARN_INT_CONVERSION = YES;
				CLANG_WARN_OBJC_ROOT_CLASS = YES_ERROR;
				CLANG_WARN_SUSPICIOUS_MOVE = YES;
				CLANG_WARN_UNREACHABLE_CODE = YES;
				CLANG_WARN__DUPLICATE_METHOD_MATCH = YES;
				"CODE_SIGN_IDENTITY[sdk=iphoneos*]" = "iPhone Developer";
				COPY_PHASE_STRIP = NO;
				DEBUG_INFORMATION_FORMAT = "dwarf-with-dsym";
				ENABLE_NS_ASSERTIONS = NO;
				ENABLE_STRICT_OBJC_MSGSEND = YES;
				GCC_C_LANGUAGE_STANDARD = gnu99;
				GCC_NO_COMMON_BLOCKS = YES;
				GCC_WARN_64_TO_32_BIT_CONVERSION = YES;
				GCC_WARN_ABOUT_RETURN_TYPE = YES_ERROR;
				GCC_WARN_UNDECLARED_SELECTOR = YES;
				GCC_WARN_UNINITIALIZED_AUTOS = YES_AGGRESSIVE;
				GCC_WARN_UNUSED_FUNCTION = YES;
				GCC_WARN_UNUSED_VARIABLE = YES;
				IPHONEOS_DEPLOYMENT_TARGET = 10.2;
				MTL_ENABLE_DEBUG_INFO = NO;
				SDKROOT = iphoneos;
				SWIFT_OPTIMIZATION_LEVEL = "-Owholemodule";
				VALIDATE_PRODUCT = YES;
			};
			name = Release;
		};
		E3AAED9E1E34E86900D05BA9 /* Debug */ = {
			isa = XCBuildConfiguration;
			baseConfigurationReference = FF9395B9C9FC96640AE7B726 /* Pods-recordMoney.debug.xcconfig */;
			buildSettings = {
				ASSETCATALOG_COMPILER_APPICON_NAME = AppIcon;
				DEVELOPMENT_TEAM = R4ZYC54K3A;
				FRAMEWORK_SEARCH_PATHS = (
					"$(inherited)",
					"$(PROJECT_DIR)/build/Debug-iphoneos/Charts",
				);
				INFOPLIST_FILE = recordMoney/Info.plist;
				LD_RUNPATH_SEARCH_PATHS = "$(inherited) @executable_path/Frameworks";
				PRODUCT_BUNDLE_IDENTIFIER = com.devilcry.recordMoney;
				PRODUCT_NAME = "$(TARGET_NAME)";
				SWIFT_VERSION = 3.0;
			};
			name = Debug;
		};
		E3AAED9F1E34E86900D05BA9 /* Release */ = {
			isa = XCBuildConfiguration;
			baseConfigurationReference = C240C3AADE12674F5094C6E6 /* Pods-recordMoney.release.xcconfig */;
			buildSettings = {
				ASSETCATALOG_COMPILER_APPICON_NAME = AppIcon;
				DEVELOPMENT_TEAM = R4ZYC54K3A;
				FRAMEWORK_SEARCH_PATHS = (
					"$(inherited)",
					"$(PROJECT_DIR)/build/Debug-iphoneos/Charts",
				);
				INFOPLIST_FILE = recordMoney/Info.plist;
				LD_RUNPATH_SEARCH_PATHS = "$(inherited) @executable_path/Frameworks";
				PRODUCT_BUNDLE_IDENTIFIER = com.devilcry.recordMoney;
				PRODUCT_NAME = "$(TARGET_NAME)";
				SWIFT_VERSION = 3.0;
			};
			name = Release;
		};
/* End XCBuildConfiguration section */

/* Begin XCConfigurationList section */
		E3AAED831E34E86900D05BA9 /* Build configuration list for PBXProject "recordMoney" */ = {
			isa = XCConfigurationList;
			buildConfigurations = (
				E3AAED9B1E34E86900D05BA9 /* Debug */,
				E3AAED9C1E34E86900D05BA9 /* Release */,
			);
			defaultConfigurationIsVisible = 0;
			defaultConfigurationName = Release;
		};
		E3AAED9D1E34E86900D05BA9 /* Build configuration list for PBXNativeTarget "recordMoney" */ = {
			isa = XCConfigurationList;
			buildConfigurations = (
				E3AAED9E1E34E86900D05BA9 /* Debug */,
				E3AAED9F1E34E86900D05BA9 /* Release */,
			);
			defaultConfigurationIsVisible = 0;
			defaultConfigurationName = Release;
		};
/* End XCConfigurationList section */

/* Begin XCVersionGroup section */
		E3AAEDB91E34FCA200D05BA9 /* recordMoney.xcdatamodeld */ = {
			isa = XCVersionGroup;
			children = (
				E3AAEDBA1E34FCA200D05BA9 /* recordMoney.xcdatamodel */,
			);
			currentVersion = E3AAEDBA1E34FCA200D05BA9 /* recordMoney.xcdatamodel */;
			path = recordMoney.xcdatamodeld;
			sourceTree = "<group>";
			versionGroupType = wrapper.xcdatamodel;
		};
/* End XCVersionGroup section */
	};
	rootObject = E3AAED801E34E86900D05BA9 /* Project object */;
}
